
Microsoft Visual Studio Solution File, Format Version 10.00
# Visual C++ Express 2008
Project("{8BC9CEB8-8B4A-11D0-8D11-00A0C91BC942}") = "Vector", "Vector\Vector.vcproj", "{63939BBE-A931-4895-A94C-060F356FB27D}"
EndProject
Global
	GlobalSection(SolutionConfigurationPlatforms) = preSolution
		Debug|Win32 = Debug|Win32
		Release|Win32 = Release|Win32
	EndGlobalSection
	GlobalSection(ProjectConfigurationPlatforms) = postSolution
		{63939BBE-A931-4895-A94C-060F356FB27D}.Debug|Win32.ActiveCfg = Debug|Win32
		{63939BBE-A931-4895-A94C-060F356FB27D}.Debug|Win32.Build.0 = Debug|Win32
		{63939BBE-A931-4895-A94C-060F356FB27D}.Release|Win32.ActiveCfg = Release|Win32
		{63939BBE-A931-4895-A94C-060F356FB27D}.Release|Win32.Build.0 = Release|Win32
	EndGlobalSection
	GlobalSection(SolutionProperties) = preSolution
		HideSolutionNode = FALSE
	EndGlobalSection
EndGlobal
