
Microsoft Visual Studio Solution File, Format Version 10.00
# Visual C++ Express 2008
Project("{8BC9CEB8-8B4A-11D0-8D11-00A0C91BC942}") = "Vector", "Vector\Vector.vcproj", "{65A64B39-6CC3-427A-BA2A-EB7E073923E7}"
EndProject
Global
	GlobalSection(SolutionConfigurationPlatforms) = preSolution
		Debug|Win32 = Debug|Win32
		Release|Win32 = Release|Win32
	EndGlobalSection
	GlobalSection(ProjectConfigurationPlatforms) = postSolution
		{65A64B39-6CC3-427A-BA2A-EB7E073923E7}.Debug|Win32.ActiveCfg = Debug|Win32
		{65A64B39-6CC3-427A-BA2A-EB7E073923E7}.Debug|Win32.Build.0 = Debug|Win32
		{65A64B39-6CC3-427A-BA2A-EB7E073923E7}.Release|Win32.ActiveCfg = Release|Win32
		{65A64B39-6CC3-427A-BA2A-EB7E073923E7}.Release|Win32.Build.0 = Release|Win32
	EndGlobalSection
	GlobalSection(SolutionProperties) = preSolution
		HideSolutionNode = FALSE
	EndGlobalSection
EndGlobal
